
Microsoft Visual Studio Solution File, Format Version 12.00
# Visual Studio Version 17
VisualStudioVersion = 17.14.36414.22
MinimumVisualStudioVersion = 10.0.40219.1
Project("{FAE04EC0-301F-11D3-BF4B-00C04F79EFBC}") = "Cormons_Wsp", "Cormons_Wsp.csproj", "{45E4DC14-3E97-40C0-9A5B-DE9BE761C353}"
EndProject
Global
	GlobalSection(SolutionConfigurationPlatforms) = preSolution
		Debug|Any CPU = Debug|Any CPU
		Release|Any CPU = Release|Any CPU
	EndGlobalSection
	GlobalSection(ProjectConfigurationPlatforms) = postSolution
		{45E4DC14-3E97-40C0-9A5B-DE9BE761C353}.Debug|Any CPU.ActiveCfg = Debug|Any CPU
		{45E4DC14-3E97-40C0-9A5B-DE9BE761C353}.Debug|Any CPU.Build.0 = Debug|Any CPU
		{45E4DC14-3E97-40C0-9A5B-DE9BE761C353}.Release|Any CPU.ActiveCfg = Release|Any CPU
		{45E4DC14-3E97-40C0-9A5B-DE9BE761C353}.Release|Any CPU.Build.0 = Release|Any CPU
	EndGlobalSection
	GlobalSection(SolutionProperties) = preSolution
		HideSolutionNode = FALSE
	EndGlobalSection
	GlobalSection(ExtensibilityGlobals) = postSolution
		SolutionGuid = {EDF04E97-64C5-422B-B125-E73EAB1A5D2C}
	EndGlobalSection
EndGlobal
